<Solution>
  <Folder Name="/.documents/">
    <File Path="DOCUMENTATION.md" />
    <File Path="SUGGESTED_IMPLEMENTATIONS.md" />
    <File Path="TECHNICAL_DOCUMENTATION.md" />
  </Folder>
  <Folder Name="/Engineer/">
    <Project Path="AuthSecurity/Kernel/Systekna.Kernel/Systekna.Security.csproj" />
    <Project Path="Systekna.Application/Systekna.Application.csproj" Id="81eaf85c-296f-45c1-831e-dd09f1195ab9" />
  </Folder>
  <Folder Name="/Web/">
    <Project Path="AuthSecurity/Web/WbAdmin/WbGovAdmin.csproj" />
    <Project Path="Inside/PixelDisplay240.csproj" />
  </Folder>
</Solution>
